# DO NOT EDIT MANUALLY - Managed by Fern Replay
version: "1.0"
generations:
  - commit_sha: 082df3d1088cbc544b1430e6ffee7e8f7b689e6a
    tree_hash: d5abd44c8e2d87f9cc9875439d27a1b11e12e649
    timestamp: 2026-05-19T21:23:50.177Z
    cli_version: unknown
    generator_versions: {}
current_generation: 082df3d1088cbc544b1430e6ffee7e8f7b689e6a
patches: []
