
Microsoft Visual Studio Solution File, Format Version 12.00
# Visual Studio Version 17
VisualStudioVersion = 17.0.31903.59
MinimumVisualStudioVersion = 10.0.40219.1
Project("{FAE04EC0-301F-11D3-BF4B-00C04F79EFBC}") = "Hume", "Hume\Hume.csproj", "{532A580E-7CA3-4043-8765-AF93795D61DA}"
EndProject
Project("{FAE04EC0-301F-11D3-BF4B-00C04F79EFBC}") = "Hume.Test", "Hume.Test\Hume.Test.csproj", "{777EF5EF-343B-4399-BE84-D437A7117163}"
EndProject
Global
	GlobalSection(SolutionConfigurationPlatforms) = preSolution
		Debug|Any CPU = Debug|Any CPU
		Release|Any CPU = Release|Any CPU
	EndGlobalSection
	GlobalSection(SolutionProperties) = preSolution
		HideSolutionNode = FALSE
	EndGlobalSection
	GlobalSection(ProjectConfigurationPlatforms) = postSolution
		{532A580E-7CA3-4043-8765-AF93795D61DA}.Debug|Any CPU.ActiveCfg = Debug|Any CPU
		{532A580E-7CA3-4043-8765-AF93795D61DA}.Debug|Any CPU.Build.0 = Debug|Any CPU
		{532A580E-7CA3-4043-8765-AF93795D61DA}.Release|Any CPU.ActiveCfg = Release|Any CPU
		{532A580E-7CA3-4043-8765-AF93795D61DA}.Release|Any CPU.Build.0 = Release|Any CPU
		{777EF5EF-343B-4399-BE84-D437A7117163}.Debug|Any CPU.ActiveCfg = Debug|Any CPU
		{777EF5EF-343B-4399-BE84-D437A7117163}.Debug|Any CPU.Build.0 = Debug|Any CPU
		{777EF5EF-343B-4399-BE84-D437A7117163}.Release|Any CPU.ActiveCfg = Release|Any CPU
		{777EF5EF-343B-4399-BE84-D437A7117163}.Release|Any CPU.Build.0 = Release|Any CPU
	EndGlobalSection
EndGlobal
