
Microsoft Visual Studio Solution File, Format Version 12.00
# Visual Studio Version 17
VisualStudioVersion = 17.0.31903.59
MinimumVisualStudioVersion = 10.0.40219.1
Project("{FAE04EC0-301F-11D3-BF4B-00C04F79EFBC}") = "Hume", "Hume\Hume.csproj", "{66323728-687F-4F86-8A7C-11361A6F4BF1}"
EndProject
Project("{FAE04EC0-301F-11D3-BF4B-00C04F79EFBC}") = "Hume.Test", "Hume.Test\Hume.Test.csproj", "{BEB57303-36EE-4FD4-894A-F4FCA3A0B797}"
EndProject
Global
	GlobalSection(SolutionConfigurationPlatforms) = preSolution
		Debug|Any CPU = Debug|Any CPU
		Release|Any CPU = Release|Any CPU
	EndGlobalSection
	GlobalSection(SolutionProperties) = preSolution
		HideSolutionNode = FALSE
	EndGlobalSection
	GlobalSection(ProjectConfigurationPlatforms) = postSolution
		{66323728-687F-4F86-8A7C-11361A6F4BF1}.Debug|Any CPU.ActiveCfg = Debug|Any CPU
		{66323728-687F-4F86-8A7C-11361A6F4BF1}.Debug|Any CPU.Build.0 = Debug|Any CPU
		{66323728-687F-4F86-8A7C-11361A6F4BF1}.Release|Any CPU.ActiveCfg = Release|Any CPU
		{66323728-687F-4F86-8A7C-11361A6F4BF1}.Release|Any CPU.Build.0 = Release|Any CPU
		{BEB57303-36EE-4FD4-894A-F4FCA3A0B797}.Debug|Any CPU.ActiveCfg = Debug|Any CPU
		{BEB57303-36EE-4FD4-894A-F4FCA3A0B797}.Debug|Any CPU.Build.0 = Debug|Any CPU
		{BEB57303-36EE-4FD4-894A-F4FCA3A0B797}.Release|Any CPU.ActiveCfg = Release|Any CPU
		{BEB57303-36EE-4FD4-894A-F4FCA3A0B797}.Release|Any CPU.Build.0 = Release|Any CPU
	EndGlobalSection
EndGlobal
