
Microsoft Visual Studio Solution File, Format Version 12.00
# Visual Studio Version 17
VisualStudioVersion = 17.0.31903.59
MinimumVisualStudioVersion = 10.0.40219.1
Project("{FAE04EC0-301F-11D3-BF4B-00C04F79EFBC}") = "Hume", "Hume\Hume.csproj", "{BD943A35-0A14-49FB-9492-6C2C4DA6D242}"
EndProject
Project("{FAE04EC0-301F-11D3-BF4B-00C04F79EFBC}") = "Hume.Test", "Hume.Test\Hume.Test.csproj", "{614B011D-72E1-4B9D-A178-96F2FC5B63F5}"
EndProject
Global
	GlobalSection(SolutionConfigurationPlatforms) = preSolution
		Debug|Any CPU = Debug|Any CPU
		Release|Any CPU = Release|Any CPU
	EndGlobalSection
	GlobalSection(SolutionProperties) = preSolution
		HideSolutionNode = FALSE
	EndGlobalSection
	GlobalSection(ProjectConfigurationPlatforms) = postSolution
		{BD943A35-0A14-49FB-9492-6C2C4DA6D242}.Debug|Any CPU.ActiveCfg = Debug|Any CPU
		{BD943A35-0A14-49FB-9492-6C2C4DA6D242}.Debug|Any CPU.Build.0 = Debug|Any CPU
		{BD943A35-0A14-49FB-9492-6C2C4DA6D242}.Release|Any CPU.ActiveCfg = Release|Any CPU
		{BD943A35-0A14-49FB-9492-6C2C4DA6D242}.Release|Any CPU.Build.0 = Release|Any CPU
		{614B011D-72E1-4B9D-A178-96F2FC5B63F5}.Debug|Any CPU.ActiveCfg = Debug|Any CPU
		{614B011D-72E1-4B9D-A178-96F2FC5B63F5}.Debug|Any CPU.Build.0 = Debug|Any CPU
		{614B011D-72E1-4B9D-A178-96F2FC5B63F5}.Release|Any CPU.ActiveCfg = Release|Any CPU
		{614B011D-72E1-4B9D-A178-96F2FC5B63F5}.Release|Any CPU.Build.0 = Release|Any CPU
	EndGlobalSection
EndGlobal
