
Microsoft Visual Studio Solution File, Format Version 12.00
# Visual Studio Version 17
VisualStudioVersion = 17.0.31903.59
MinimumVisualStudioVersion = 10.0.40219.1
Project("{FAE04EC0-301F-11D3-BF4B-00C04F79EFBC}") = "HumeApi", "HumeApi\HumeApi.csproj", "{18A95252-089F-46C5-9362-9D5C255ED8EA}"
EndProject
Project("{FAE04EC0-301F-11D3-BF4B-00C04F79EFBC}") = "HumeApi.Test", "HumeApi.Test\HumeApi.Test.csproj", "{6A9A1B96-94BB-4AE2-AC89-ADE88E383E2A}"
EndProject
Global
	GlobalSection(SolutionConfigurationPlatforms) = preSolution
		Debug|Any CPU = Debug|Any CPU
		Release|Any CPU = Release|Any CPU
	EndGlobalSection
	GlobalSection(SolutionProperties) = preSolution
		HideSolutionNode = FALSE
	EndGlobalSection
	GlobalSection(ProjectConfigurationPlatforms) = postSolution
		{18A95252-089F-46C5-9362-9D5C255ED8EA}.Debug|Any CPU.ActiveCfg = Debug|Any CPU
		{18A95252-089F-46C5-9362-9D5C255ED8EA}.Debug|Any CPU.Build.0 = Debug|Any CPU
		{18A95252-089F-46C5-9362-9D5C255ED8EA}.Release|Any CPU.ActiveCfg = Release|Any CPU
		{18A95252-089F-46C5-9362-9D5C255ED8EA}.Release|Any CPU.Build.0 = Release|Any CPU
		{6A9A1B96-94BB-4AE2-AC89-ADE88E383E2A}.Debug|Any CPU.ActiveCfg = Debug|Any CPU
		{6A9A1B96-94BB-4AE2-AC89-ADE88E383E2A}.Debug|Any CPU.Build.0 = Debug|Any CPU
		{6A9A1B96-94BB-4AE2-AC89-ADE88E383E2A}.Release|Any CPU.ActiveCfg = Release|Any CPU
		{6A9A1B96-94BB-4AE2-AC89-ADE88E383E2A}.Release|Any CPU.Build.0 = Release|Any CPU
	EndGlobalSection
EndGlobal
