
Microsoft Visual Studio Solution File, Format Version 12.00
# Visual Studio Version 17
VisualStudioVersion = 17.0.31903.59
MinimumVisualStudioVersion = 10.0.40219.1
Project("{FAE04EC0-301F-11D3-BF4B-00C04F79EFBC}") = "HumeApi", "HumeApi\HumeApi.csproj", "{5D339FBE-8A3B-4967-99DC-5D9E8EBA930C}"
EndProject
Project("{FAE04EC0-301F-11D3-BF4B-00C04F79EFBC}") = "HumeApi.Test", "HumeApi.Test\HumeApi.Test.csproj", "{9DEBCFCD-2A26-48F5-8972-6AE317471FB7}"
EndProject
Global
	GlobalSection(SolutionConfigurationPlatforms) = preSolution
		Debug|Any CPU = Debug|Any CPU
		Release|Any CPU = Release|Any CPU
	EndGlobalSection
	GlobalSection(SolutionProperties) = preSolution
		HideSolutionNode = FALSE
	EndGlobalSection
	GlobalSection(ProjectConfigurationPlatforms) = postSolution
		{5D339FBE-8A3B-4967-99DC-5D9E8EBA930C}.Debug|Any CPU.ActiveCfg = Debug|Any CPU
		{5D339FBE-8A3B-4967-99DC-5D9E8EBA930C}.Debug|Any CPU.Build.0 = Debug|Any CPU
		{5D339FBE-8A3B-4967-99DC-5D9E8EBA930C}.Release|Any CPU.ActiveCfg = Release|Any CPU
		{5D339FBE-8A3B-4967-99DC-5D9E8EBA930C}.Release|Any CPU.Build.0 = Release|Any CPU
		{9DEBCFCD-2A26-48F5-8972-6AE317471FB7}.Debug|Any CPU.ActiveCfg = Debug|Any CPU
		{9DEBCFCD-2A26-48F5-8972-6AE317471FB7}.Debug|Any CPU.Build.0 = Debug|Any CPU
		{9DEBCFCD-2A26-48F5-8972-6AE317471FB7}.Release|Any CPU.ActiveCfg = Release|Any CPU
		{9DEBCFCD-2A26-48F5-8972-6AE317471FB7}.Release|Any CPU.Build.0 = Release|Any CPU
	EndGlobalSection
EndGlobal
